DEPENDENCIES
  build-essential
  database
  git
  imagemagick
  memcached
  nginx
  nodejs
  ruby_build
  ruby_rbenv
    git: git://github.com/fnichol/chef-rbenv.git
    revision: 5af1f6bdc93de9d02b3d6a9afb25ad9e499a23cb
    ref: v1.2.1
  simple_iptables
  xml

GRAPH
  ark (3.1.0)
    build-essential (>= 0.0.0)
    seven_zip (>= 0.0.0)
    windows (>= 0.0.0)
  build-essential (8.0.3)
    mingw (>= 1.1)
    seven_zip (>= 0.0.0)
  compat_resource (12.19.0)
  database (6.1.1)
    postgresql (>= 1.0.0)
  git (8.0.0)
    build-essential (>= 0.0.0)
    homebrew (>= 0.0.0)
  homebrew (4.2.0)
  imagemagick (0.2.3)
  memcached (4.1.0)
    runit (>= 1.2.0)
    yum-epel (>= 0.0.0)
  mingw (2.0.1)
    seven_zip (>= 0.0.0)
  nginx (7.0.0)
    build-essential (>= 0.0.0)
    compat_resource (>= 12.16.3)
    ohai (>= 4.1.0)
    yum-epel (>= 0.0.0)
    zypper (>= 0.0.0)
  nodejs (4.0.0)
    ark (>= 2.0.2)
    build-essential (>= 0.0.0)
    compat_resource (>= 12.16)
  ohai (5.2.0)
  openssl (7.1.0)
  packagecloud (0.3.0)
  postgresql (6.1.1)
    build-essential (>= 2.0.0)
    compat_resource (>= 12.16.3)
    openssl (>= 4.0)
  ruby_build (1.1.0)
    git (>= 0.0.0)
    yum-epel (>= 0.0.0)
  ruby_rbenv (1.2.1)
    ruby_build (>= 1.1.0)
  runit (3.0.5)
    packagecloud (>= 0.0.0)
    yum-epel (>= 0.0.0)
  seven_zip (2.0.2)
    windows (>= 1.2.2)
  simple_iptables (0.8.0)
  windows (3.3.0)
    ohai (>= 4.0.0)
  xml (3.1.2)
    build-essential (>= 0.0.0)
  yum-epel (2.1.2)
    compat_resource (>= 12.16.3)
  zypper (0.4.0)
